// !$*UTF8*$!
{
	archiveVersion = 1;
	classes = {
	};
	objectVersion = 46;
	objects = {

/* Begin PBXBuildFile section */
		4BFFADC31E693D90008506AB /* AppDelegate.swift in Sources */ = {isa = PBXBuildFile; fileRef = 4BFFADC21E693D90008506AB /* AppDelegate.swift */; };
		4BFFADC51E693D90008506AB /* ViewController.swift in Sources */ = {isa = PBXBuildFile; fileRef = 4BFFADC41E693D90008506AB /* ViewController.swift */; };
		4BFFADC81E693D90008506AB /* Main.storyboard in Resources */ = {isa = PBXBuildFile; fileRef = 4BFFADC61E693D90008506AB /* Main.storyboard */; };
		4BFFADCA1E693D90008506AB /* Assets.xcassets in Resources */ = {isa = PBXBuildFile; fileRef = 4BFFADC91E693D90008506AB /* Assets.xcassets */; };
		4BFFADCD1E693D90008506AB /* LaunchScreen.storyboard in Resources */ = {isa = PBXBuildFile; fileRef = 4BFFADCB1E693D90008506AB /* LaunchScreen.storyboard */; };
/* End PBXBuildFile section */

/* Begin PBXFileReference section */
		4BFFADBF1E693D90008506AB /* ReactiveLife.app */ = {isa = PBXFileReference; explicitFileType = wrapper.application; includeInIndex = 0; path = ReactiveLife.app; sourceTree = BUILT_PRODUCTS_DIR; };
		4BFFADC21E693D90008506AB /* AppDelegate.swift */ = {isa = PBXFileReference; lastKnownFileType = sourcecode.swift; path = AppDelegate.swift; sourceTree = "<group>"; };
		4BFFADC41E693D90008506AB /* ViewController.swift */ = {isa = PBXFileReference; lastKnownFileType = sourcecode.swift; path = ViewController.swift; sourceTree = "<group>"; };
		4BFFADC71E693D90008506AB /* Base */ = {isa = PBXFileReference; lastKnownFileType = file.storyboard; name = Base; path = Base.lproj/Main.storyboard; sourceTree = "<group>"; };
		4BFFADC91E693D90008506AB /* Assets.xcassets */ = {isa = PBXFileReference; lastKnownFileType = folder.assetcatalog; path = Assets.xcassets; sourceTree = "<group>"; };
		4BFFADCC1E693D90008506AB /* Base */ = {isa = PBXFileReference; lastKnownFileType = file.storyboard; name = Base; path = Base.lproj/LaunchScreen.storyboard; sourceTree = "<group>"; };
		4BFFADCE1E693D90008506AB /* Info.plist */ = {isa = PBXFileReference; lastKnownFileType = text.plist.xml; path = Info.plist; sourceTree = "<group>"; };
/* End PBXFileReference section */

/* Begin PBXFrameworksBuildPhase section */
		4BFFADBC1E693D90008506AB /* Frameworks */ = {
			isa = PBXFrameworksBuildPhase;
			buildActionMask = 2147483647;
			files = (
			);
			runOnlyForDeploymentPostprocessing = 0;
		};
/* End PBXFrameworksBuildPhase section */

/* Begin PBXGroup section */
		4BFFADB61E693D90008506AB = {
			isa = PBXGroup;
			children = (
				4BFFADC11E693D90008506AB /* ReactiveLife */,
				4BFFADC01E693D90008506AB /* Products */,
			);
			sourceTree = "<group>";
		};
		4BFFADC01E693D90008506AB /* Products */ = {
			isa = PBXGroup;
			children = (
				4BFFADBF1E693D90008506AB /* ReactiveLife.app */,
			);
			name = Products;
			sourceTree = "<group>";
		};
		4BFFADC11E693D90008506AB /* ReactiveLife */ = {
			isa = PBXGroup;
			children = (
				4BFFADC21E693D90008506AB /* AppDelegate.swift */,
				4BFFADC41E693D90008506AB /* ViewController.swift */,
				4BFFADC61E693D90008506AB /* Main.storyboard */,
				4BFFADC91E693D90008506AB /* Assets.xcassets */,
				4BFFADCB1E693D90008506AB /* LaunchScreen.storyboard */,
				4BFFADCE1E693D90008506AB /* Info.plist */,
			);
			path = ReactiveLife;
			sourceTree = "<group>";
		};
/* End PBXGroup section */

/* Begin PBXNativeTarget section */
		4BFFADBE1E693D90008506AB /* ReactiveLife */ = {
			isa = PBXNativeTarget;
			buildConfigurationList = 4BFFADD11E693D90008506AB /* Build configuration list for PBXNativeTarget "ReactiveLife" */;
			buildPhases = (
				4BFFADBB1E693D90008506AB /* Sources */,
				4BFFADBC1E693D90008506AB /* Frameworks */,
				4BFFADBD1E693D90008506AB /* Resources */,
			);
			buildRules = (
			);
			dependencies = (
			);
			name = ReactiveLife;
			productName = ReactiveLife;
			productReference = 4BFFADBF1E693D90008506AB /* ReactiveLife.app */;
			productType = "com.apple.product-type.application";
		};
/* End PBXNativeTarget section */

/* Begin PBXProject section */
		4BFFADB71E693D90008506AB /* Project object */ = {
			isa = PBXProject;
			attributes = {
				LastSwiftUpdateCheck = 0820;
				LastUpgradeCheck = 0820;
				ORGANIZATIONNAME = CocoaHeadsUkraine;
				TargetAttributes = {
					4BFFADBE1E693D90008506AB = {
						CreatedOnToolsVersion = 8.2.1;
						ProvisioningStyle = Automatic;
					};
				};
			};
			buildConfigurationList = 4BFFADBA1E693D90008506AB /* Build configuration list for PBXProject "ReactiveLife" */;
			compatibilityVersion = "Xcode 3.2";
			developmentRegion = English;
			hasScannedForEncodings = 0;
			knownRegions = (
				en,
				Base,
			);
			mainGroup = 4BFFADB61E693D90008506AB;
			productRefGroup = 4BFFADC01E693D90008506AB /* Products */;
			projectDirPath = "";
			projectRoot = "";
			targets = (
				4BFFADBE1E693D90008506AB /* ReactiveLife */,
			);
		};
/* End PBXProject section */

/* Begin PBXResourcesBuildPhase section */
		4BFFADBD1E693D90008506AB /* Resources */ = {
			isa = PBXResourcesBuildPhase;
			buildActionMask = 2147483647;
			files = (
				4BFFADCD1E693D90008506AB /* LaunchScreen.storyboard in Resources */,
				4BFFADCA1E693D90008506AB /* Assets.xcassets in Resources */,
				4BFFADC81E693D90008506AB /* Main.storyboard in Resources */,
			);
			runOnlyForDeploymentPostprocessing = 0;
		};
/* End PBXResourcesBuildPhase section */

/* Begin PBXSourcesBuildPhase section */
		4BFFADBB1E693D90008506AB /* Sources */ = {
			isa = PBXSourcesBuildPhase;
			buildActionMask = 2147483647;
			files = (
				4BFFADC51E693D90008506AB /* ViewController.swift in Sources */,
				4BFFADC31E693D90008506AB /* AppDelegate.swift in Sources */,
			);
			runOnlyForDeploymentPostprocessing = 0;
		};
/* End PBXSourcesBuildPhase section */

/* Begin PBXVariantGroup section */
		4BFFADC61E693D90008506AB /* Main.storyboard */ = {
			isa = PBXVariantGroup;
			children = (
				4BFFADC71E693D90008506AB /* Base */,
			);
			name = Main.storyboard;
			sourceTree = "<group>";
		};
		4BFFADCB1E693D90008506AB /* LaunchScreen.storyboard */ = {
			isa = PBXVariantGroup;
			children = (
				4BFFADCC1E693D90008506AB /* Base */,
			);
			name = LaunchScreen.storyboard;
			sourceTree = "<group>";
		};
/* End PBXVariantGroup section */

/* Begin XCBuildConfiguration section */
		4BFFADCF1E693D90008506AB /* Debug */ = {
			isa = XCBuildConfiguration;
			buildSettings = {
				ALWAYS_SEARCH_USER_PATHS = NO;
				CLANG_ANALYZER_NONNULL = YES;
				CLANG_CXX_LANGUAGE_STANDARD = "gnu++0x";
				CLANG_CXX_LIBRARY = "libc++";
				CLANG_ENABLE_MODULES = YES;
				CLANG_ENABLE_OBJC_ARC = YES;
				CLANG_WARN_BOOL_CONVERSION = YES;
				CLANG_WARN_CONSTANT_CONVERSION = YES;
				CLANG_WARN_DIRECT_OBJC_ISA_USAGE = YES_ERROR;
				CLANG_WARN_DOCUMENTATION_COMMENTS = YES;
				CLANG_WARN_EMPTY_BODY = YES;
				CLANG_WARN_ENUM_CONVERSION = YES;
				CLANG_WARN_INFINITE_RECURSION = YES;
				CLANG_WARN_INT_CONVERSION = YES;
				CLANG_WARN_OBJC_ROOT_CLASS = YES_ERROR;
				CLANG_WARN_SUSPICIOUS_MOVE = YES;
				CLANG_WARN_UNREACHABLE_CODE = YES;
				CLANG_WARN__DUPLICATE_METHOD_MATCH = YES;
				"CODE_SIGN_IDENTITY[sdk=iphoneos*]" = "iPhone Developer";
				COPY_PHASE_STRIP = NO;
				DEBUG_INFORMATION_FORMAT = dwarf;
				ENABLE_STRICT_OBJC_MSGSEND = YES;
				ENABLE_TESTABILITY = YES;
				GCC_C_LANGUAGE_STANDARD = gnu99;
				GCC_DYNAMIC_NO_PIC = NO;
				GCC_NO_COMMON_BLOCKS = YES;
				GCC_OPTIMIZATION_LEVEL = 0;
				GCC_PREPROCESSOR_DEFINITIONS = (
					"DEBUG=1",
					"$(inherited)",
				);
				GCC_WARN_64_TO_32_BIT_CONVERSION = YES;
				GCC_WARN_ABOUT_RETURN_TYPE = YES_ERROR;
				GCC_WARN_UNDECLARED_SELECTOR = YES;
				GCC_WARN_UNINITIALIZED_AUTOS = YES_AGGRESSIVE;
				GCC_WARN_UNUSED_FUNCTION = YES;
				GCC_WARN_UNUSED_VARIABLE = YES;
				IPHONEOS_DEPLOYMENT_TARGET = 10.2;
				MTL_ENABLE_DEBUG_INFO = YES;
				ONLY_ACTIVE_ARCH = YES;
				SDKROOT = iphoneos;
				SWIFT_ACTIVE_COMPILATION_CONDITIONS = DEBUG;
				SWIFT_OPTIMIZATION_LEVEL = "-Onone";
			};
			name = Debug;
		};
		4BFFADD01E693D90008506AB /* Release */ = {
			isa = XCBuildConfiguration;
			buildSettings = {
				ALWAYS_SEARCH_USER_PATHS = NO;
				CLANG_ANALYZER_NONNULL = YES;
				CLANG_CXX_LANGUAGE_STANDARD = "gnu++0x";
				CLANG_CXX_LIBRARY = "libc++";
				CLANG_ENABLE_MODULES = YES;
				CLANG_ENABLE_OBJC_ARC = YES;
				CLANG_WARN_BOOL_CONVERSION = YES;
				CLANG_WARN_CONSTANT_CONVERSION = YES;
				CLANG_WARN_DIRECT_OBJC_ISA_USAGE = YES_ERROR;
				CLANG_WARN_DOCUMENTATION_COMMENTS = YES;
				CLANG_WARN_EMPTY_BODY = YES;
				CLANG_WARN_ENUM_CONVERSION = YES;
				CLANG_WARN_INFINITE_RECURSION = YES;
				CLANG_WARN_INT_CONVERSION = YES;
				CLANG_WARN_OBJC_ROOT_CLASS = YES_ERROR;
				CLANG_WARN_SUSPICIOUS_MOVE = YES;
				CLANG_WARN_UNREACHABLE_CODE = YES;
				CLANG_WARN__DUPLICATE_METHOD_MATCH = YES;
				"CODE_SIGN_IDENTITY[sdk=iphoneos*]" = "iPhone Developer";
				COPY_PHASE_STRIP = NO;
				DEBUG_INFORMATION_FORMAT = "dwarf-with-dsym";
				ENABLE_NS_ASSERTIONS = NO;
				ENABLE_STRICT_OBJC_MSGSEND = YES;
				GCC_C_LANGUAGE_STANDARD = gnu99;
				GCC_NO_COMMON_BLOCKS = YES;
				GCC_WARN_64_TO_32_BIT_CONVERSION = YES;
				GCC_WARN_ABOUT_RETURN_TYPE = YES_ERROR;
				GCC_WARN_UNDECLARED_SELECTOR = YES;
				GCC_WARN_UNINITIALIZED_AUTOS = YES_AGGRESSIVE;
				GCC_WARN_UNUSED_FUNCTION = YES;
				GCC_WARN_UNUSED_VARIABLE = YES;
				IPHONEOS_DEPLOYMENT_TARGET = 10.2;
				MTL_ENABLE_DEBUG_INFO = NO;
				SDKROOT = iphoneos;
				SWIFT_OPTIMIZATION_LEVEL = "-Owholemodule";
				VALIDATE_PRODUCT = YES;
			};
			name = Release;
		};
		4BFFADD21E693D90008506AB /* Debug */ = {
			isa = XCBuildConfiguration;
			buildSettings = {
				ASSETCATALOG_COMPILER_APPICON_NAME = AppIcon;
				INFOPLIST_FILE = ReactiveLife/Info.plist;
				LD_RUNPATH_SEARCH_PATHS = "$(inherited) @executable_path/Frameworks";
				PRODUCT_BUNDLE_IDENTIFIER = org.cocoaheads.ReactiveLife;
				PRODUCT_NAME = "$(TARGET_NAME)";
				SWIFT_VERSION = 3.0;
			};
			name = Debug;
		};
		4BFFADD31E693D90008506AB /* Release */ = {
			isa = XCBuildConfiguration;
			buildSettings = {
				ASSETCATALOG_COMPILER_APPICON_NAME = AppIcon;
				INFOPLIST_FILE = ReactiveLife/Info.plist;
				LD_RUNPATH_SEARCH_PATHS = "$(inherited) @executable_path/Frameworks";
				PRODUCT_BUNDLE_IDENTIFIER = org.cocoaheads.ReactiveLife;
				PRODUCT_NAME = "$(TARGET_NAME)";
				SWIFT_VERSION = 3.0;
			};
			name = Release;
		};
/* End XCBuildConfiguration section */

/* Begin XCConfigurationList section */
		4BFFADBA1E693D90008506AB /* Build configuration list for PBXProject "ReactiveLife" */ = {
			isa = XCConfigurationList;
			buildConfigurations = (
				4BFFADCF1E693D90008506AB /* Debug */,
				4BFFADD01E693D90008506AB /* Release */,
			);
			defaultConfigurationIsVisible = 0;
			defaultConfigurationName = Release;
		};
		4BFFADD11E693D90008506AB /* Build configuration list for PBXNativeTarget "ReactiveLife" */ = {
			isa = XCConfigurationList;
			buildConfigurations = (
				4BFFADD21E693D90008506AB /* Debug */,
				4BFFADD31E693D90008506AB /* Release */,
			);
			defaultConfigurationIsVisible = 0;
		};
/* End XCConfigurationList section */
	};
	rootObject = 4BFFADB71E693D90008506AB /* Project object */;
}
